
Microsoft Visual Studio Solution File, Format Version 12.00
# Visual Studio Version 17
VisualStudioVersion = 17.13.35731.43 d17.13
MinimumVisualStudioVersion = 10.0.40219.1
Project("{FAE04EC0-301F-11D3-BF4B-00C04F79EFBC}") = "NZwalk.APi", "NZwalk.APi\NZwalk.APi.csproj", "{41C4C932-3AD2-4CC8-A87E-7E36D64247B4}"
EndProject
Global
	GlobalSection(SolutionConfigurationPlatforms) = preSolution
		Debug|Any CPU = Debug|Any CPU
		Release|Any CPU = Release|Any CPU
	EndGlobalSection
	GlobalSection(ProjectConfigurationPlatforms) = postSolution
		{41C4C932-3AD2-4CC8-A87E-7E36D64247B4}.Debug|Any CPU.ActiveCfg = Debug|Any CPU
		{41C4C932-3AD2-4CC8-A87E-7E36D64247B4}.Debug|Any CPU.Build.0 = Debug|Any CPU
		{41C4C932-3AD2-4CC8-A87E-7E36D64247B4}.Release|Any CPU.ActiveCfg = Release|Any CPU
		{41C4C932-3AD2-4CC8-A87E-7E36D64247B4}.Release|Any CPU.Build.0 = Release|Any CPU
	EndGlobalSection
	GlobalSection(SolutionProperties) = preSolution
		HideSolutionNode = FALSE
	EndGlobalSection
	GlobalSection(ExtensibilityGlobals) = postSolution
		SolutionGuid = {7A37D00C-7CD0-4D7E-983A-91D6C447C40C}
	EndGlobalSection
EndGlobal
